// !$*UTF8*$!
{
	archiveVersion = 1;
	classes = {
	};
	objectVersion = 55;
	objects = {

/* Begin PBXBuildFile section */
		FB34EF8027D20D1600859668 /* AppBetayamoriApp.swift in Sources */ = {isa = PBXBuildFile; fileRef = FB34EF7F27D20D1600859668 /* AppBetayamoriApp.swift */; };
		FB34EF8227D20D1600859668 /* ContentView.swift in Sources */ = {isa = PBXBuildFile; fileRef = FB34EF8127D20D1600859668 /* ContentView.swift */; };
		FB34EF8427D20D1700859668 /* Assets.xcassets in Resources */ = {isa = PBXBuildFile; fileRef = FB34EF8327D20D1700859668 /* Assets.xcassets */; };
		FB34EF8727D20D1700859668 /* Preview Assets.xcassets in Resources */ = {isa = PBXBuildFile; fileRef = FB34EF8627D20D1700859668 /* Preview Assets.xcassets */; };
		FB34EF9727D20E2F00859668 /* activityButton.swift in Sources */ = {isa = PBXBuildFile; fileRef = FB34EF9627D20E2F00859668 /* activityButton.swift */; };
		FB34EFA227D20E7600859668 /* FlowLockedView.swift in Sources */ = {isa = PBXBuildFile; fileRef = FB34EF9827D20E7600859668 /* FlowLockedView.swift */; };
		FB34EFA327D20E7600859668 /* FlowDeleteView.swift in Sources */ = {isa = PBXBuildFile; fileRef = FB34EF9927D20E7600859668 /* FlowDeleteView.swift */; };
		FB34EFA427D20E7600859668 /* ImagePicker.swift in Sources */ = {isa = PBXBuildFile; fileRef = FB34EF9A27D20E7600859668 /* ImagePicker.swift */; };
		FB34EFA527D20E7600859668 /* GetParents.swift in Sources */ = {isa = PBXBuildFile; fileRef = FB34EF9B27D20E7600859668 /* GetParents.swift */; };
		FB34EFA627D20E7600859668 /* KeyboardObserver.swift in Sources */ = {isa = PBXBuildFile; fileRef = FB34EF9C27D20E7600859668 /* KeyboardObserver.swift */; };
		FB34EFA727D20E7600859668 /* SizeReader.swift in Sources */ = {isa = PBXBuildFile; fileRef = FB34EF9D27D20E7600859668 /* SizeReader.swift */; };
		FB34EFA827D20E7600859668 /* FlexibleView.swift in Sources */ = {isa = PBXBuildFile; fileRef = FB34EF9E27D20E7600859668 /* FlexibleView.swift */; };
		FB34EFA927D20E7600859668 /* FlowLayoutView.swift in Sources */ = {isa = PBXBuildFile; fileRef = FB34EF9F27D20E7600859668 /* FlowLayoutView.swift */; };
		FB34EFAA27D20E7600859668 /* _FlexibleView.swift in Sources */ = {isa = PBXBuildFile; fileRef = FB34EFA027D20E7600859668 /* _FlexibleView.swift */; };
		FB34EFAB27D20E7600859668 /* ArticleController.swift in Sources */ = {isa = PBXBuildFile; fileRef = FB34EFA127D20E7600859668 /* ArticleController.swift */; };
		FB34EFAF27D20E8600859668 /* UserData.swift in Sources */ = {isa = PBXBuildFile; fileRef = FB34EFAC27D20E8600859668 /* UserData.swift */; };
		FB34EFB027D20E8600859668 /* EventDate.swift in Sources */ = {isa = PBXBuildFile; fileRef = FB34EFAD27D20E8600859668 /* EventDate.swift */; };
		FB34EFB127D20E8600859668 /* TagData.swift in Sources */ = {isa = PBXBuildFile; fileRef = FB34EFAE27D20E8600859668 /* TagData.swift */; };
		FB34EFB727D20E9100859668 /* TagListModel.swift in Sources */ = {isa = PBXBuildFile; fileRef = FB34EFB227D20E9100859668 /* TagListModel.swift */; };
		FB34EFB827D20E9100859668 /* Geocode.swift in Sources */ = {isa = PBXBuildFile; fileRef = FB34EFB327D20E9100859668 /* Geocode.swift */; };
		FB34EFB927D20E9100859668 /* EventDemoData.swift in Sources */ = {isa = PBXBuildFile; fileRef = FB34EFB427D20E9100859668 /* EventDemoData.swift */; };
		FB34EFBA27D20E9100859668 /* FlowLayoutModel.swift in Sources */ = {isa = PBXBuildFile; fileRef = FB34EFB527D20E9100859668 /* FlowLayoutModel.swift */; };
		FB34EFBB27D20E9100859668 /* openMaps.swift in Sources */ = {isa = PBXBuildFile; fileRef = FB34EFB627D20E9100859668 /* openMaps.swift */; };
		FB34EFC227D20EBE00859668 /* EditMyTag.swift in Sources */ = {isa = PBXBuildFile; fileRef = FB34EFBE27D20EBE00859668 /* EditMyTag.swift */; };
		FB34EFC327D20EBE00859668 /* Myprofile.swift in Sources */ = {isa = PBXBuildFile; fileRef = FB34EFBF27D20EBE00859668 /* Myprofile.swift */; };
		FB34EFC427D20EBE00859668 /* OtherUserProfile.swift in Sources */ = {isa = PBXBuildFile; fileRef = FB34EFC027D20EBE00859668 /* OtherUserProfile.swift */; };
		FB34EFC527D20EBE00859668 /* FollowList.swift in Sources */ = {isa = PBXBuildFile; fileRef = FB34EFC127D20EBE00859668 /* FollowList.swift */; };
		FB34EFCC27D20EC700859668 /* FollowEventItem.swift in Sources */ = {isa = PBXBuildFile; fileRef = FB34EFC627D20EC700859668 /* FollowEventItem.swift */; };
		FB34EFCD27D20EC700859668 /* UserFollowList.swift in Sources */ = {isa = PBXBuildFile; fileRef = FB34EFC727D20EC700859668 /* UserFollowList.swift */; };
		FB34EFCE27D20EC700859668 /* ProfileContentHeigjtSizePreference.swift in Sources */ = {isa = PBXBuildFile; fileRef = FB34EFC827D20EC700859668 /* ProfileContentHeigjtSizePreference.swift */; };
		FB34EFCF27D20EC700859668 /* FollowUserItem.swift in Sources */ = {isa = PBXBuildFile; fileRef = FB34EFC927D20EC700859668 /* FollowUserItem.swift */; };
		FB34EFD027D20EC700859668 /* ProfileContent.swift in Sources */ = {isa = PBXBuildFile; fileRef = FB34EFCA27D20EC700859668 /* ProfileContent.swift */; };
		FB34EFD127D20EC700859668 /* ProfileContentWantToGo.swift in Sources */ = {isa = PBXBuildFile; fileRef = FB34EFCB27D20EC700859668 /* ProfileContentWantToGo.swift */; };
		FB34EFD427D20ECD00859668 /* OtherUserProfileSetting.swift in Sources */ = {isa = PBXBuildFile; fileRef = FB34EFD227D20ECD00859668 /* OtherUserProfileSetting.swift */; };
		FB34EFD527D20ECD00859668 /* MyprofileSetting.swift in Sources */ = {isa = PBXBuildFile; fileRef = FB34EFD327D20ECD00859668 /* MyprofileSetting.swift */; };
		FB34EFDA27D20EFE00859668 /* SearchingResult.swift in Sources */ = {isa = PBXBuildFile; fileRef = FB34EFD827D20EFE00859668 /* SearchingResult.swift */; };
		FB34EFDB27D20EFE00859668 /* SearchEditor.swift in Sources */ = {isa = PBXBuildFile; fileRef = FB34EFD927D20EFE00859668 /* SearchEditor.swift */; };
		FB34EFDF27D20F1E00859668 /* EventPageReportModal.swift in Sources */ = {isa = PBXBuildFile; fileRef = FB34EFDE27D20F1E00859668 /* EventPageReportModal.swift */; };
		FB34EFE627D20F2600859668 /* SearchListItem.swift in Sources */ = {isa = PBXBuildFile; fileRef = FB34EFE027D20F2600859668 /* SearchListItem.swift */; };
		FB34EFE727D20F2600859668 /* PredictionWord.swift in Sources */ = {isa = PBXBuildFile; fileRef = FB34EFE127D20F2600859668 /* PredictionWord.swift */; };
		FB34EFE927D20F2700859668 /* EventPageDescription.swift in Sources */ = {isa = PBXBuildFile; fileRef = FB34EFE327D20F2600859668 /* EventPageDescription.swift */; };
		FB34EFEA27D20F2700859668 /* SearchCategoryBar.swift in Sources */ = {isa = PBXBuildFile; fileRef = FB34EFE427D20F2600859668 /* SearchCategoryBar.swift */; };
		FB34EFEB27D20F2700859668 /* SearchEventItem.swift in Sources */ = {isa = PBXBuildFile; fileRef = FB34EFE527D20F2600859668 /* SearchEventItem.swift */; };
		FB34EFF327D20F3100859668 /* SearchView.swift in Sources */ = {isa = PBXBuildFile; fileRef = FB34EFEC27D20F3100859668 /* SearchView.swift */; };
		FB34EFF427D20F3100859668 /* SearchTopAll.swift in Sources */ = {isa = PBXBuildFile; fileRef = FB34EFED27D20F3100859668 /* SearchTopAll.swift */; };
		FB34EFF527D20F3100859668 /* SearchBeforeTopGyarally.swift in Sources */ = {isa = PBXBuildFile; fileRef = FB34EFEE27D20F3100859668 /* SearchBeforeTopGyarally.swift */; };
		FB34EFF627D20F3100859668 /* SearchBeforeTopList.swift in Sources */ = {isa = PBXBuildFile; fileRef = FB34EFEF27D20F3100859668 /* SearchBeforeTopList.swift */; };
		FB34EFF727D20F3100859668 /* SearchTop.swift in Sources */ = {isa = PBXBuildFile; fileRef = FB34EFF027D20F3100859668 /* SearchTop.swift */; };
		FB34EFF827D20F3100859668 /* EventPage.swift in Sources */ = {isa = PBXBuildFile; fileRef = FB34EFF127D20F3100859668 /* EventPage.swift */; };
		FB34EFF927D20F3100859668 /* SearchResultTop.swift in Sources */ = {isa = PBXBuildFile; fileRef = FB34EFF227D20F3100859668 /* SearchResultTop.swift */; };
		FB34F00627D20F6100859668 /* SearchUserItem.swift in Sources */ = {isa = PBXBuildFile; fileRef = FB34EFFD27D20F6100859668 /* SearchUserItem.swift */; };
		FB34F00727D20F6100859668 /* TagLocked.swift in Sources */ = {isa = PBXBuildFile; fileRef = FB34EFFE27D20F6100859668 /* TagLocked.swift */; };
		FB34F00827D20F6100859668 /* UserFollowButton.swift in Sources */ = {isa = PBXBuildFile; fileRef = FB34EFFF27D20F6100859668 /* UserFollowButton.swift */; };
		FB34F00927D20F6100859668 /* WantToGoList.swift in Sources */ = {isa = PBXBuildFile; fileRef = FB34F00027D20F6100859668 /* WantToGoList.swift */; };
		FB34F00A27D20F6100859668 /* TagMedium.swift in Sources */ = {isa = PBXBuildFile; fileRef = FB34F00127D20F6100859668 /* TagMedium.swift */; };
		FB34F00B27D20F6100859668 /* Tag.swift in Sources */ = {isa = PBXBuildFile; fileRef = FB34F00227D20F6100859668 /* Tag.swift */; };
		FB34F00C27D20F6100859668 /* TagBar.swift in Sources */ = {isa = PBXBuildFile; fileRef = FB34F00327D20F6100859668 /* TagBar.swift */; };
		FB34F00D27D20F6100859668 /* UserCircleIcon.swift in Sources */ = {isa = PBXBuildFile; fileRef = FB34F00427D20F6100859668 /* UserCircleIcon.swift */; };
		FB34F00E27D20F6100859668 /* TagDelete.swift in Sources */ = {isa = PBXBuildFile; fileRef = FB34F00527D20F6100859668 /* TagDelete.swift */; };
		FB34F01427D20F6B00859668 /* FullScreenImageModal.swift in Sources */ = {isa = PBXBuildFile; fileRef = FB34F00F27D20F6A00859668 /* FullScreenImageModal.swift */; };
		FB34F01527D20F6B00859668 /* CommentHalfModal.swift in Sources */ = {isa = PBXBuildFile; fileRef = FB34F01027D20F6A00859668 /* CommentHalfModal.swift */; };
		FB34F01627D20F6B00859668 /* SearchUserModal.swift in Sources */ = {isa = PBXBuildFile; fileRef = FB34F01127D20F6A00859668 /* SearchUserModal.swift */; };
		FB34F01727D20F6B00859668 /* LetsGoList.swift in Sources */ = {isa = PBXBuildFile; fileRef = FB34F01227D20F6B00859668 /* LetsGoList.swift */; };
		FB34F01827D20F6B00859668 /* SearchUserViewSearch.swift in Sources */ = {isa = PBXBuildFile; fileRef = FB34F01327D20F6B00859668 /* SearchUserViewSearch.swift */; };
		FB34F01D27D20F7200859668 /* SearchConditions.swift in Sources */ = {isa = PBXBuildFile; fileRef = FB34F01927D20F7200859668 /* SearchConditions.swift */; };
		FB34F01E27D20F7200859668 /* SearchResultView.swift in Sources */ = {isa = PBXBuildFile; fileRef = FB34F01A27D20F7200859668 /* SearchResultView.swift */; };
		FB34F01F27D20F7200859668 /* SearchEditingView.swift in Sources */ = {isa = PBXBuildFile; fileRef = FB34F01B27D20F7200859668 /* SearchEditingView.swift */; };
		FB34F02027D20F7200859668 /* SearchActionItem.swift in Sources */ = {isa = PBXBuildFile; fileRef = FB34F01C27D20F7200859668 /* SearchActionItem.swift */; };
		FB34F02C27D242EC00859668 /* PartialSheet in Frameworks */ = {isa = PBXBuildFile; productRef = FB34F02B27D242EC00859668 /* PartialSheet */; };
		FB34F03427D7363F00859668 /* EventPageContent.swift in Sources */ = {isa = PBXBuildFile; fileRef = FB34F03327D7363F00859668 /* EventPageContent.swift */; };
		FB34F03627D7365200859668 /* EventPageMedia.swift in Sources */ = {isa = PBXBuildFile; fileRef = FB34F03527D7365200859668 /* EventPageMedia.swift */; };
		FB34F03A27D7468500859668 /* SearchConditionItem.swift in Sources */ = {isa = PBXBuildFile; fileRef = FB34F03927D7468500859668 /* SearchConditionItem.swift */; };
		FB34F05D27DB38BA00859668 /* YouTubeiOSPlayerHelper in Frameworks */ = {isa = PBXBuildFile; productRef = FB34F05C27DB38BA00859668 /* YouTubeiOSPlayerHelper */; };
		FB34F05F27DB38D100859668 /* YoutubeWrapper.swift in Sources */ = {isa = PBXBuildFile; fileRef = FB34F05E27DB38D100859668 /* YoutubeWrapper.swift */; };
		FB34F06127DB3A9900859668 /* VideoList.swift in Sources */ = {isa = PBXBuildFile; fileRef = FB34F06027DB3A9900859668 /* VideoList.swift */; };
/* End PBXBuildFile section */

/* Begin PBXFileReference section */
		FB34EF7C27D20D1600859668 /* AppBetayamori.app */ = {isa = PBXFileReference; explicitFileType = wrapper.application; includeInIndex = 0; path = AppBetayamori.app; sourceTree = BUILT_PRODUCTS_DIR; };
		FB34EF7F27D20D1600859668 /* AppBetayamoriApp.swift */ = {isa = PBXFileReference; lastKnownFileType = sourcecode.swift; path = AppBetayamoriApp.swift; sourceTree = "<group>"; };
		FB34EF8127D20D1600859668 /* ContentView.swift */ = {isa = PBXFileReference; lastKnownFileType = sourcecode.swift; path = ContentView.swift; sourceTree = "<group>"; };
		FB34EF8327D20D1700859668 /* Assets.xcassets */ = {isa = PBXFileReference; lastKnownFileType = folder.assetcatalog; path = Assets.xcassets; sourceTree = "<group>"; };
		FB34EF8627D20D1700859668 /* Preview Assets.xcassets */ = {isa = PBXFileReference; lastKnownFileType = folder.assetcatalog; path = "Preview Assets.xcassets"; sourceTree = "<group>"; };
		FB34EF9627D20E2F00859668 /* activityButton.swift */ = {isa = PBXFileReference; lastKnownFileType = sourcecode.swift; path = activityButton.swift; sourceTree = "<group>"; };
		FB34EF9827D20E7600859668 /* FlowLockedView.swift */ = {isa = PBXFileReference; fileEncoding = 4; lastKnownFileType = sourcecode.swift; path = FlowLockedView.swift; sourceTree = "<group>"; };
		FB34EF9927D20E7600859668 /* FlowDeleteView.swift */ = {isa = PBXFileReference; fileEncoding = 4; lastKnownFileType = sourcecode.swift; path = FlowDeleteView.swift; sourceTree = "<group>"; };
		FB34EF9A27D20E7600859668 /* ImagePicker.swift */ = {isa = PBXFileReference; fileEncoding = 4; lastKnownFileType = sourcecode.swift; path = ImagePicker.swift; sourceTree = "<group>"; };
		FB34EF9B27D20E7600859668 /* GetParents.swift */ = {isa = PBXFileReference; fileEncoding = 4; lastKnownFileType = sourcecode.swift; path = GetParents.swift; sourceTree = "<group>"; };
		FB34EF9C27D20E7600859668 /* KeyboardObserver.swift */ = {isa = PBXFileReference; fileEncoding = 4; lastKnownFileType = sourcecode.swift; path = KeyboardObserver.swift; sourceTree = "<group>"; };
		FB34EF9D27D20E7600859668 /* SizeReader.swift */ = {isa = PBXFileReference; fileEncoding = 4; lastKnownFileType = sourcecode.swift; path = SizeReader.swift; sourceTree = "<group>"; };
		FB34EF9E27D20E7600859668 /* FlexibleView.swift */ = {isa = PBXFileReference; fileEncoding = 4; lastKnownFileType = sourcecode.swift; path = FlexibleView.swift; sourceTree = "<group>"; };
		FB34EF9F27D20E7600859668 /* FlowLayoutView.swift */ = {isa = PBXFileReference; fileEncoding = 4; lastKnownFileType = sourcecode.swift; path = FlowLayoutView.swift; sourceTree = "<group>"; };
		FB34EFA027D20E7600859668 /* _FlexibleView.swift */ = {isa = PBXFileReference; fileEncoding = 4; lastKnownFileType = sourcecode.swift; path = _FlexibleView.swift; sourceTree = "<group>"; };
		FB34EFA127D20E7600859668 /* ArticleController.swift */ = {isa = PBXFileReference; fileEncoding = 4; lastKnownFileType = sourcecode.swift; path = ArticleController.swift; sourceTree = "<group>"; };
		FB34EFAC27D20E8600859668 /* UserData.swift */ = {isa = PBXFileReference; fileEncoding = 4; lastKnownFileType = sourcecode.swift; path = UserData.swift; sourceTree = "<group>"; };
		FB34EFAD27D20E8600859668 /* EventDate.swift */ = {isa = PBXFileReference; fileEncoding = 4; lastKnownFileType = sourcecode.swift; path = EventDate.swift; sourceTree = "<group>"; };
		FB34EFAE27D20E8600859668 /* TagData.swift */ = {isa = PBXFileReference; fileEncoding = 4; lastKnownFileType = sourcecode.swift; path = TagData.swift; sourceTree = "<group>"; };
		FB34EFB227D20E9100859668 /* TagListModel.swift */ = {isa = PBXFileReference; fileEncoding = 4; lastKnownFileType = sourcecode.swift; path = TagListModel.swift; sourceTree = "<group>"; };
		FB34EFB327D20E9100859668 /* Geocode.swift */ = {isa = PBXFileReference; fileEncoding = 4; lastKnownFileType = sourcecode.swift; path = Geocode.swift; sourceTree = "<group>"; };
		FB34EFB427D20E9100859668 /* EventDemoData.swift */ = {isa = PBXFileReference; fileEncoding = 4; lastKnownFileType = sourcecode.swift; path = EventDemoData.swift; sourceTree = "<group>"; };
		FB34EFB527D20E9100859668 /* FlowLayoutModel.swift */ = {isa = PBXFileReference; fileEncoding = 4; lastKnownFileType = sourcecode.swift; path = FlowLayoutModel.swift; sourceTree = "<group>"; };
		FB34EFB627D20E9100859668 /* openMaps.swift */ = {isa = PBXFileReference; fileEncoding = 4; lastKnownFileType = sourcecode.swift; path = openMaps.swift; sourceTree = "<group>"; };
		FB34EFBE27D20EBE00859668 /* EditMyTag.swift */ = {isa = PBXFileReference; fileEncoding = 4; lastKnownFileType = sourcecode.swift; path = EditMyTag.swift; sourceTree = "<group>"; };
		FB34EFBF27D20EBE00859668 /* Myprofile.swift */ = {isa = PBXFileReference; fileEncoding = 4; lastKnownFileType = sourcecode.swift; path = Myprofile.swift; sourceTree = "<group>"; };
		FB34EFC027D20EBE00859668 /* OtherUserProfile.swift */ = {isa = PBXFileReference; fileEncoding = 4; lastKnownFileType = sourcecode.swift; path = OtherUserProfile.swift; sourceTree = "<group>"; };
		FB34EFC127D20EBE00859668 /* FollowList.swift */ = {isa = PBXFileReference; fileEncoding = 4; lastKnownFileType = sourcecode.swift; path = FollowList.swift; sourceTree = "<group>"; };
		FB34EFC627D20EC700859668 /* FollowEventItem.swift */ = {isa = PBXFileReference; fileEncoding = 4; lastKnownFileType = sourcecode.swift; path = FollowEventItem.swift; sourceTree = "<group>"; };
		FB34EFC727D20EC700859668 /* UserFollowList.swift */ = {isa = PBXFileReference; fileEncoding = 4; lastKnownFileType = sourcecode.swift; path = UserFollowList.swift; sourceTree = "<group>"; };
		FB34EFC827D20EC700859668 /* ProfileContentHeigjtSizePreference.swift */ = {isa = PBXFileReference; fileEncoding = 4; lastKnownFileType = sourcecode.swift; path = ProfileContentHeigjtSizePreference.swift; sourceTree = "<group>"; };
		FB34EFC927D20EC700859668 /* FollowUserItem.swift */ = {isa = PBXFileReference; fileEncoding = 4; lastKnownFileType = sourcecode.swift; path = FollowUserItem.swift; sourceTree = "<group>"; };
		FB34EFCA27D20EC700859668 /* ProfileContent.swift */ = {isa = PBXFileReference; fileEncoding = 4; lastKnownFileType = sourcecode.swift; path = ProfileContent.swift; sourceTree = "<group>"; };
		FB34EFCB27D20EC700859668 /* ProfileContentWantToGo.swift */ = {isa = PBXFileReference; fileEncoding = 4; lastKnownFileType = sourcecode.swift; path = ProfileContentWantToGo.swift; sourceTree = "<group>"; };
		FB34EFD227D20ECD00859668 /* OtherUserProfileSetting.swift */ = {isa = PBXFileReference; fileEncoding = 4; lastKnownFileType = sourcecode.swift; path = OtherUserProfileSetting.swift; sourceTree = "<group>"; };
		FB34EFD327D20ECD00859668 /* MyprofileSetting.swift */ = {isa = PBXFileReference; fileEncoding = 4; lastKnownFileType = sourcecode.swift; path = MyprofileSetting.swift; sourceTree = "<group>"; };
		FB34EFD827D20EFE00859668 /* SearchingResult.swift */ = {isa = PBXFileReference; fileEncoding = 4; lastKnownFileType = sourcecode.swift; path = SearchingResult.swift; sourceTree = "<group>"; };
		FB34EFD927D20EFE00859668 /* SearchEditor.swift */ = {isa = PBXFileReference; fileEncoding = 4; lastKnownFileType = sourcecode.swift; path = SearchEditor.swift; sourceTree = "<group>"; };
		FB34EFDE27D20F1E00859668 /* EventPageReportModal.swift */ = {isa = PBXFileReference; fileEncoding = 4; lastKnownFileType = sourcecode.swift; path = EventPageReportModal.swift; sourceTree = "<group>"; };
		FB34EFE027D20F2600859668 /* SearchListItem.swift */ = {isa = PBXFileReference; fileEncoding = 4; lastKnownFileType = sourcecode.swift; path = SearchListItem.swift; sourceTree = "<group>"; };
		FB34EFE127D20F2600859668 /* PredictionWord.swift */ = {isa = PBXFileReference; fileEncoding = 4; lastKnownFileType = sourcecode.swift; path = PredictionWord.swift; sourceTree = "<group>"; };
		FB34EFE327D20F2600859668 /* EventPageDescription.swift */ = {isa = PBXFileReference; fileEncoding = 4; lastKnownFileType = sourcecode.swift; path = EventPageDescription.swift; sourceTree = "<group>"; };
		FB34EFE427D20F2600859668 /* SearchCategoryBar.swift */ = {isa = PBXFileReference; fileEncoding = 4; lastKnownFileType = sourcecode.swift; path = SearchCategoryBar.swift; sourceTree = "<group>"; };
		FB34EFE527D20F2600859668 /* SearchEventItem.swift */ = {isa = PBXFileReference; fileEncoding = 4; lastKnownFileType = sourcecode.swift; path = SearchEventItem.swift; sourceTree = "<group>"; };
		FB34EFEC27D20F3100859668 /* SearchView.swift */ = {isa = PBXFileReference; fileEncoding = 4; lastKnownFileType = sourcecode.swift; path = SearchView.swift; sourceTree = "<group>"; };
		FB34EFED27D20F3100859668 /* SearchTopAll.swift */ = {isa = PBXFileReference; fileEncoding = 4; lastKnownFileType = sourcecode.swift; path = SearchTopAll.swift; sourceTree = "<group>"; };
		FB34EFEE27D20F3100859668 /* SearchBeforeTopGyarally.swift */ = {isa = PBXFileReference; fileEncoding = 4; lastKnownFileType = sourcecode.swift; path = SearchBeforeTopGyarally.swift; sourceTree = "<group>"; };
		FB34EFEF27D20F3100859668 /* SearchBeforeTopList.swift */ = {isa = PBXFileReference; fileEncoding = 4; lastKnownFileType = sourcecode.swift; path = SearchBeforeTopList.swift; sourceTree = "<group>"; };
		FB34EFF027D20F3100859668 /* SearchTop.swift */ = {isa = PBXFileReference; fileEncoding = 4; lastKnownFileType = sourcecode.swift; path = SearchTop.swift; sourceTree = "<group>"; };
		FB34EFF127D20F3100859668 /* EventPage.swift */ = {isa = PBXFileReference; fileEncoding = 4; lastKnownFileType = sourcecode.swift; path = EventPage.swift; sourceTree = "<group>"; };
		FB34EFF227D20F3100859668 /* SearchResultTop.swift */ = {isa = PBXFileReference; fileEncoding = 4; lastKnownFileType = sourcecode.swift; path = SearchResultTop.swift; sourceTree = "<group>"; };
		FB34EFFD27D20F6100859668 /* SearchUserItem.swift */ = {isa = PBXFileReference; fileEncoding = 4; lastKnownFileType = sourcecode.swift; path = SearchUserItem.swift; sourceTree = "<group>"; };
		FB34EFFE27D20F6100859668 /* TagLocked.swift */ = {isa = PBXFileReference; fileEncoding = 4; lastKnownFileType = sourcecode.swift; path = TagLocked.swift; sourceTree = "<group>"; };
		FB34EFFF27D20F6100859668 /* UserFollowButton.swift */ = {isa = PBXFileReference; fileEncoding = 4; lastKnownFileType = sourcecode.swift; path = UserFollowButton.swift; sourceTree = "<group>"; };
		FB34F00027D20F6100859668 /* WantToGoList.swift */ = {isa = PBXFileReference; fileEncoding = 4; lastKnownFileType = sourcecode.swift; path = WantToGoList.swift; sourceTree = "<group>"; };
		FB34F00127D20F6100859668 /* TagMedium.swift */ = {isa = PBXFileReference; fileEncoding = 4; lastKnownFileType = sourcecode.swift; path = TagMedium.swift; sourceTree = "<group>"; };
		FB34F00227D20F6100859668 /* Tag.swift */ = {isa = PBXFileReference; fileEncoding = 4; lastKnownFileType = sourcecode.swift; path = Tag.swift; sourceTree = "<group>"; };
		FB34F00327D20F6100859668 /* TagBar.swift */ = {isa = PBXFileReference; fileEncoding = 4; lastKnownFileType = sourcecode.swift; path = TagBar.swift; sourceTree = "<group>"; };
		FB34F00427D20F6100859668 /* UserCircleIcon.swift */ = {isa = PBXFileReference; fileEncoding = 4; lastKnownFileType = sourcecode.swift; path = UserCircleIcon.swift; sourceTree = "<group>"; };
		FB34F00527D20F6100859668 /* TagDelete.swift */ = {isa = PBXFileReference; fileEncoding = 4; lastKnownFileType = sourcecode.swift; path = TagDelete.swift; sourceTree = "<group>"; };
		FB34F00F27D20F6A00859668 /* FullScreenImageModal.swift */ = {isa = PBXFileReference; fileEncoding = 4; lastKnownFileType = sourcecode.swift; path = FullScreenImageModal.swift; sourceTree = "<group>"; };
		FB34F01027D20F6A00859668 /* CommentHalfModal.swift */ = {isa = PBXFileReference; fileEncoding = 4; lastKnownFileType = sourcecode.swift; path = CommentHalfModal.swift; sourceTree = "<group>"; };
		FB34F01127D20F6A00859668 /* SearchUserModal.swift */ = {isa = PBXFileReference; fileEncoding = 4; lastKnownFileType = sourcecode.swift; path = SearchUserModal.swift; sourceTree = "<group>"; };
		FB34F01227D20F6B00859668 /* LetsGoList.swift */ = {isa = PBXFileReference; fileEncoding = 4; lastKnownFileType = sourcecode.swift; path = LetsGoList.swift; sourceTree = "<group>"; };
		FB34F01327D20F6B00859668 /* SearchUserViewSearch.swift */ = {isa = PBXFileReference; fileEncoding = 4; lastKnownFileType = sourcecode.swift; path = SearchUserViewSearch.swift; sourceTree = "<group>"; };
		FB34F01927D20F7200859668 /* SearchConditions.swift */ = {isa = PBXFileReference; fileEncoding = 4; lastKnownFileType = sourcecode.swift; path = SearchConditions.swift; sourceTree = "<group>"; };
		FB34F01A27D20F7200859668 /* SearchResultView.swift */ = {isa = PBXFileReference; fileEncoding = 4; lastKnownFileType = sourcecode.swift; path = SearchResultView.swift; sourceTree = "<group>"; };
		FB34F01B27D20F7200859668 /* SearchEditingView.swift */ = {isa = PBXFileReference; fileEncoding = 4; lastKnownFileType = sourcecode.swift; path = SearchEditingView.swift; sourceTree = "<group>"; };
		FB34F01C27D20F7200859668 /* SearchActionItem.swift */ = {isa = PBXFileReference; fileEncoding = 4; lastKnownFileType = sourcecode.swift; path = SearchActionItem.swift; sourceTree = "<group>"; };
		FB34F03327D7363F00859668 /* EventPageContent.swift */ = {isa = PBXFileReference; fileEncoding = 4; lastKnownFileType = sourcecode.swift; path = EventPageContent.swift; sourceTree = "<group>"; };
		FB34F03527D7365200859668 /* EventPageMedia.swift */ = {isa = PBXFileReference; fileEncoding = 4; lastKnownFileType = sourcecode.swift; path = EventPageMedia.swift; sourceTree = "<group>"; };
		FB34F03927D7468500859668 /* SearchConditionItem.swift */ = {isa = PBXFileReference; lastKnownFileType = sourcecode.swift; path = SearchConditionItem.swift; sourceTree = "<group>"; };
		FB34F05E27DB38D100859668 /* YoutubeWrapper.swift */ = {isa = PBXFileReference; lastKnownFileType = sourcecode.swift; path = YoutubeWrapper.swift; sourceTree = "<group>"; };
		FB34F06027DB3A9900859668 /* VideoList.swift */ = {isa = PBXFileReference; lastKnownFileType = sourcecode.swift; path = VideoList.swift; sourceTree = "<group>"; };
/* End PBXFileReference section */

/* Begin PBXFrameworksBuildPhase section */
		FB34EF7927D20D1600859668 /* Frameworks */ = {
			isa = PBXFrameworksBuildPhase;
			buildActionMask = 2147483647;
			files = (
				FB34F02C27D242EC00859668 /* PartialSheet in Frameworks */,
				FB34F05D27DB38BA00859668 /* YouTubeiOSPlayerHelper in Frameworks */,
			);
			runOnlyForDeploymentPostprocessing = 0;
		};
/* End PBXFrameworksBuildPhase section */

/* Begin PBXGroup section */
		FB34EF7327D20D1600859668 = {
			isa = PBXGroup;
			children = (
				FB34EF7E27D20D1600859668 /* AppBetayamori */,
				FB34EF7D27D20D1600859668 /* Products */,
			);
			sourceTree = "<group>";
		};
		FB34EF7D27D20D1600859668 /* Products */ = {
			isa = PBXGroup;
			children = (
				FB34EF7C27D20D1600859668 /* AppBetayamori.app */,
			);
			name = Products;
			sourceTree = "<group>";
		};
		FB34EF7E27D20D1600859668 /* AppBetayamori */ = {
			isa = PBXGroup;
			children = (
				FB34EF9127D20D6400859668 /* Views */,
				FB34EF8F27D20D4800859668 /* SampleData */,
				FB34EF9027D20D5700859668 /* Model */,
				FB34EF8E27D20D3900859668 /* Controller */,
				FB34EF8D27D20D3300859668 /* Button */,
				FB34EF7F27D20D1600859668 /* AppBetayamoriApp.swift */,
				FB34EF8127D20D1600859668 /* ContentView.swift */,
				FB34EF8327D20D1700859668 /* Assets.xcassets */,
				FB34EF8527D20D1700859668 /* Preview Content */,
			);
			path = AppBetayamori;
			sourceTree = "<group>";
		};
		FB34EF8527D20D1700859668 /* Preview Content */ = {
			isa = PBXGroup;
			children = (
				FB34EF8627D20D1700859668 /* Preview Assets.xcassets */,
			);
			path = "Preview Content";
			sourceTree = "<group>";
		};
		FB34EF8D27D20D3300859668 /* Button */ = {
			isa = PBXGroup;
			children = (
				FB34EF9627D20E2F00859668 /* activityButton.swift */,
			);
			path = Button;
			sourceTree = "<group>";
		};
		FB34EF8E27D20D3900859668 /* Controller */ = {
			isa = PBXGroup;
			children = (
				FB34EFA027D20E7600859668 /* _FlexibleView.swift */,
				FB34EFA127D20E7600859668 /* ArticleController.swift */,
				FB34EF9E27D20E7600859668 /* FlexibleView.swift */,
				FB34EF9927D20E7600859668 /* FlowDeleteView.swift */,
				FB34EF9F27D20E7600859668 /* FlowLayoutView.swift */,
				FB34EF9827D20E7600859668 /* FlowLockedView.swift */,
				FB34EF9B27D20E7600859668 /* GetParents.swift */,
				FB34EF9A27D20E7600859668 /* ImagePicker.swift */,
				FB34EF9C27D20E7600859668 /* KeyboardObserver.swift */,
				FB34EF9D27D20E7600859668 /* SizeReader.swift */,
				FB34F05E27DB38D100859668 /* YoutubeWrapper.swift */,
			);
			path = Controller;
			sourceTree = "<group>";
		};
		FB34EF8F27D20D4800859668 /* SampleData */ = {
			isa = PBXGroup;
			children = (
				FB34EFAD27D20E8600859668 /* EventDate.swift */,
				FB34EFAE27D20E8600859668 /* TagData.swift */,
				FB34EFAC27D20E8600859668 /* UserData.swift */,
			);
			path = SampleData;
			sourceTree = "<group>";
		};
		FB34EF9027D20D5700859668 /* Model */ = {
			isa = PBXGroup;
			children = (
				FB34EFB427D20E9100859668 /* EventDemoData.swift */,
				FB34EFB527D20E9100859668 /* FlowLayoutModel.swift */,
				FB34EFB327D20E9100859668 /* Geocode.swift */,
				FB34EFB627D20E9100859668 /* openMaps.swift */,
				FB34EFB227D20E9100859668 /* TagListModel.swift */,
			);
			path = Model;
			sourceTree = "<group>";
		};
		FB34EF9127D20D6400859668 /* Views */ = {
			isa = PBXGroup;
			children = (
				FB34EF9227D20D9900859668 /* All */,
				FB34EF9427D20DA700859668 /* Search */,
				FB34EF9527D20DAE00859668 /* profile */,
			);
			path = Views;
			sourceTree = "<group>";
		};
		FB34EF9227D20D9900859668 /* All */ = {
			isa = PBXGroup;
			children = (
				FB34EFFC27D20F5300859668 /* SearchingView */,
				FB34EFFB27D20F4E00859668 /* Modal */,
				FB34EFFA27D20F4700859668 /* Xib */,
			);
			path = All;
			sourceTree = "<group>";
		};
		FB34EF9427D20DA700859668 /* Search */ = {
			isa = PBXGroup;
			children = (
				FB34EFF127D20F3100859668 /* EventPage.swift */,
				FB34EFEE27D20F3100859668 /* SearchBeforeTopGyarally.swift */,
				FB34EFEF27D20F3100859668 /* SearchBeforeTopList.swift */,
				FB34EFF227D20F3100859668 /* SearchResultTop.swift */,
				FB34EFF027D20F3100859668 /* SearchTop.swift */,
				FB34EFED27D20F3100859668 /* SearchTopAll.swift */,
				FB34EFEC27D20F3100859668 /* SearchView.swift */,
				FB34EFDD27D20F1500859668 /* Xib */,
				FB34EFDC27D20F1000859668 /* Modal */,
				FB34EFD627D20EE600859668 /* SearchingView */,
			);
			path = Search;
			sourceTree = "<group>";
		};
		FB34EF9527D20DAE00859668 /* profile */ = {
			isa = PBXGroup;
			children = (
				FB34EFBC27D20EB000859668 /* Modal */,
				FB34EFBD27D20EB500859668 /* Xib */,
				FB34EFBE27D20EBE00859668 /* EditMyTag.swift */,
				FB34EFC127D20EBE00859668 /* FollowList.swift */,
				FB34EFBF27D20EBE00859668 /* Myprofile.swift */,
				FB34EFC027D20EBE00859668 /* OtherUserProfile.swift */,
			);
			path = profile;
			sourceTree = "<group>";
		};
		FB34EFBC27D20EB000859668 /* Modal */ = {
			isa = PBXGroup;
			children = (
				FB34EFD327D20ECD00859668 /* MyprofileSetting.swift */,
				FB34EFD227D20ECD00859668 /* OtherUserProfileSetting.swift */,
			);
			path = Modal;
			sourceTree = "<group>";
		};
		FB34EFBD27D20EB500859668 /* Xib */ = {
			isa = PBXGroup;
			children = (
				FB34EFC627D20EC700859668 /* FollowEventItem.swift */,
				FB34EFC927D20EC700859668 /* FollowUserItem.swift */,
				FB34EFCA27D20EC700859668 /* ProfileContent.swift */,
				FB34EFC827D20EC700859668 /* ProfileContentHeigjtSizePreference.swift */,
				FB34EFCB27D20EC700859668 /* ProfileContentWantToGo.swift */,
				FB34EFC727D20EC700859668 /* UserFollowList.swift */,
			);
			path = Xib;
			sourceTree = "<group>";
		};
		FB34EFD627D20EE600859668 /* SearchingView */ = {
			isa = PBXGroup;
			children = (
				FB34EFD927D20EFE00859668 /* SearchEditor.swift */,
				FB34EFD827D20EFE00859668 /* SearchingResult.swift */,
			);
			path = SearchingView;
			sourceTree = "<group>";
		};
		FB34EFDC27D20F1000859668 /* Modal */ = {
			isa = PBXGroup;
			children = (
				FB34EFDE27D20F1E00859668 /* EventPageReportModal.swift */,
			);
			path = Modal;
			sourceTree = "<group>";
		};
		FB34EFDD27D20F1500859668 /* Xib */ = {
			isa = PBXGroup;
			children = (
				FB34F03327D7363F00859668 /* EventPageContent.swift */,
				FB34EFE327D20F2600859668 /* EventPageDescription.swift */,
				FB34F03527D7365200859668 /* EventPageMedia.swift */,
				FB34F06027DB3A9900859668 /* VideoList.swift */,
				FB34EFE127D20F2600859668 /* PredictionWord.swift */,
				FB34EFE427D20F2600859668 /* SearchCategoryBar.swift */,
				FB34EFE527D20F2600859668 /* SearchEventItem.swift */,
				FB34EFE027D20F2600859668 /* SearchListItem.swift */,
			);
			path = Xib;
			sourceTree = "<group>";
		};
		FB34EFFA27D20F4700859668 /* Xib */ = {
			isa = PBXGroup;
			children = (
				FB34EFFD27D20F6100859668 /* SearchUserItem.swift */,
				FB34F00227D20F6100859668 /* Tag.swift */,
				FB34F00327D20F6100859668 /* TagBar.swift */,
				FB34F00527D20F6100859668 /* TagDelete.swift */,
				FB34EFFE27D20F6100859668 /* TagLocked.swift */,
				FB34F00127D20F6100859668 /* TagMedium.swift */,
				FB34F00427D20F6100859668 /* UserCircleIcon.swift */,
				FB34EFFF27D20F6100859668 /* UserFollowButton.swift */,
				FB34F00027D20F6100859668 /* WantToGoList.swift */,
			);
			path = Xib;
			sourceTree = "<group>";
		};
		FB34EFFB27D20F4E00859668 /* Modal */ = {
			isa = PBXGroup;
			children = (
				FB34F01027D20F6A00859668 /* CommentHalfModal.swift */,
				FB34F00F27D20F6A00859668 /* FullScreenImageModal.swift */,
				FB34F01227D20F6B00859668 /* LetsGoList.swift */,
				FB34F01127D20F6A00859668 /* SearchUserModal.swift */,
				FB34F01327D20F6B00859668 /* SearchUserViewSearch.swift */,
			);
			path = Modal;
			sourceTree = "<group>";
		};
		FB34EFFC27D20F5300859668 /* SearchingView */ = {
			isa = PBXGroup;
			children = (
				FB34F01C27D20F7200859668 /* SearchActionItem.swift */,
				FB34F01927D20F7200859668 /* SearchConditions.swift */,
				FB34F01B27D20F7200859668 /* SearchEditingView.swift */,
				FB34F01A27D20F7200859668 /* SearchResultView.swift */,
				FB34F03927D7468500859668 /* SearchConditionItem.swift */,
			);
			path = SearchingView;
			sourceTree = "<group>";
		};
/* End PBXGroup section */

/* Begin PBXNativeTarget section */
		FB34EF7B27D20D1600859668 /* AppBetayamori */ = {
			isa = PBXNativeTarget;
			buildConfigurationList = FB34EF8A27D20D1700859668 /* Build configuration list for PBXNativeTarget "AppBetayamori" */;
			buildPhases = (
				FB34EF7827D20D1600859668 /* Sources */,
				FB34EF7927D20D1600859668 /* Frameworks */,
				FB34EF7A27D20D1600859668 /* Resources */,
			);
			buildRules = (
			);
			dependencies = (
			);
			name = AppBetayamori;
			packageProductDependencies = (
				FB34F02B27D242EC00859668 /* PartialSheet */,
				FB34F05C27DB38BA00859668 /* YouTubeiOSPlayerHelper */,
			);
			productName = AppBetayamori;
			productReference = FB34EF7C27D20D1600859668 /* AppBetayamori.app */;
			productType = "com.apple.product-type.application";
		};
/* End PBXNativeTarget section */

/* Begin PBXProject section */
		FB34EF7427D20D1600859668 /* Project object */ = {
			isa = PBXProject;
			attributes = {
				BuildIndependentTargetsInParallel = 1;
				LastSwiftUpdateCheck = 1320;
				LastUpgradeCheck = 1320;
				TargetAttributes = {
					FB34EF7B27D20D1600859668 = {
						CreatedOnToolsVersion = 13.2.1;
					};
				};
			};
			buildConfigurationList = FB34EF7727D20D1600859668 /* Build configuration list for PBXProject "AppBetayamori" */;
			compatibilityVersion = "Xcode 13.0";
			developmentRegion = en;
			hasScannedForEncodings = 0;
			knownRegions = (
				en,
				Base,
			);
			mainGroup = FB34EF7327D20D1600859668;
			packageReferences = (
				FB34F02A27D242EC00859668 /* XCRemoteSwiftPackageReference "PartialSheet" */,
				FB34F05B27DB38BA00859668 /* XCRemoteSwiftPackageReference "youtube-ios-player-helper" */,
			);
			productRefGroup = FB34EF7D27D20D1600859668 /* Products */;
			projectDirPath = "";
			projectRoot = "";
			targets = (
				FB34EF7B27D20D1600859668 /* AppBetayamori */,
			);
		};
/* End PBXProject section */

/* Begin PBXResourcesBuildPhase section */
		FB34EF7A27D20D1600859668 /* Resources */ = {
			isa = PBXResourcesBuildPhase;
			buildActionMask = 2147483647;
			files = (
				FB34EF8727D20D1700859668 /* Preview Assets.xcassets in Resources */,
				FB34EF8427D20D1700859668 /* Assets.xcassets in Resources */,
			);
			runOnlyForDeploymentPostprocessing = 0;
		};
/* End PBXResourcesBuildPhase section */

/* Begin PBXSourcesBuildPhase section */
		FB34EF7827D20D1600859668 /* Sources */ = {
			isa = PBXSourcesBuildPhase;
			buildActionMask = 2147483647;
			files = (
				FB34EFE927D20F2700859668 /* EventPageDescription.swift in Sources */,
				FB34F01727D20F6B00859668 /* LetsGoList.swift in Sources */,
				FB34F00627D20F6100859668 /* SearchUserItem.swift in Sources */,
				FB34F01F27D20F7200859668 /* SearchEditingView.swift in Sources */,
				FB34F03A27D7468500859668 /* SearchConditionItem.swift in Sources */,
				FB34EFCE27D20EC700859668 /* ProfileContentHeigjtSizePreference.swift in Sources */,
				FB34EFAB27D20E7600859668 /* ArticleController.swift in Sources */,
				FB34EFDB27D20EFE00859668 /* SearchEditor.swift in Sources */,
				FB34F02027D20F7200859668 /* SearchActionItem.swift in Sources */,
				FB34EFA227D20E7600859668 /* FlowLockedView.swift in Sources */,
				FB34EFAF27D20E8600859668 /* UserData.swift in Sources */,
				FB34F00727D20F6100859668 /* TagLocked.swift in Sources */,
				FB34F06127DB3A9900859668 /* VideoList.swift in Sources */,
				FB34F01527D20F6B00859668 /* CommentHalfModal.swift in Sources */,
				FB34EF8227D20D1600859668 /* ContentView.swift in Sources */,
				FB34EFA627D20E7600859668 /* KeyboardObserver.swift in Sources */,
				FB34F00827D20F6100859668 /* UserFollowButton.swift in Sources */,
				FB34EF9727D20E2F00859668 /* activityButton.swift in Sources */,
				FB34F00A27D20F6100859668 /* TagMedium.swift in Sources */,
				FB34EFC527D20EBE00859668 /* FollowList.swift in Sources */,
				FB34EFD427D20ECD00859668 /* OtherUserProfileSetting.swift in Sources */,
				FB34EFA527D20E7600859668 /* GetParents.swift in Sources */,
				FB34F00B27D20F6100859668 /* Tag.swift in Sources */,
				FB34EFCF27D20EC700859668 /* FollowUserItem.swift in Sources */,
				FB34EFF327D20F3100859668 /* SearchView.swift in Sources */,
				FB34EFE727D20F2600859668 /* PredictionWord.swift in Sources */,
				FB34EFD127D20EC700859668 /* ProfileContentWantToGo.swift in Sources */,
				FB34EFF527D20F3100859668 /* SearchBeforeTopGyarally.swift in Sources */,
				FB34EFCC27D20EC700859668 /* FollowEventItem.swift in Sources */,
				FB34EFA927D20E7600859668 /* FlowLayoutView.swift in Sources */,
				FB34EFA827D20E7600859668 /* FlexibleView.swift in Sources */,
				FB34F00D27D20F6100859668 /* UserCircleIcon.swift in Sources */,
				FB34EFBB27D20E9100859668 /* openMaps.swift in Sources */,
				FB34F01827D20F6B00859668 /* SearchUserViewSearch.swift in Sources */,
				FB34EFB027D20E8600859668 /* EventDate.swift in Sources */,
				FB34EFD027D20EC700859668 /* ProfileContent.swift in Sources */,
				FB34F01D27D20F7200859668 /* SearchConditions.swift in Sources */,
				FB34EFF627D20F3100859668 /* SearchBeforeTopList.swift in Sources */,
				FB34EFF827D20F3100859668 /* EventPage.swift in Sources */,
				FB34F01627D20F6B00859668 /* SearchUserModal.swift in Sources */,
				FB34EFEA27D20F2700859668 /* SearchCategoryBar.swift in Sources */,
				FB34F00927D20F6100859668 /* WantToGoList.swift in Sources */,
				FB34F01E27D20F7200859668 /* SearchResultView.swift in Sources */,
				FB34EFAA27D20E7600859668 /* _FlexibleView.swift in Sources */,
				FB34EFA427D20E7600859668 /* ImagePicker.swift in Sources */,
				FB34EFCD27D20EC700859668 /* UserFollowList.swift in Sources */,
				FB34EF8027D20D1600859668 /* AppBetayamoriApp.swift in Sources */,
				FB34EFF727D20F3100859668 /* SearchTop.swift in Sources */,
				FB34F05F27DB38D100859668 /* YoutubeWrapper.swift in Sources */,
				FB34EFA327D20E7600859668 /* FlowDeleteView.swift in Sources */,
				FB34EFE627D20F2600859668 /* SearchListItem.swift in Sources */,
				FB34F00C27D20F6100859668 /* TagBar.swift in Sources */,
				FB34EFEB27D20F2700859668 /* SearchEventItem.swift in Sources */,
				FB34F03627D7365200859668 /* EventPageMedia.swift in Sources */,
				FB34EFF927D20F3100859668 /* SearchResultTop.swift in Sources */,
				FB34EFF427D20F3100859668 /* SearchTopAll.swift in Sources */,
				FB34EFDA27D20EFE00859668 /* SearchingResult.swift in Sources */,
				FB34F01427D20F6B00859668 /* FullScreenImageModal.swift in Sources */,
				FB34EFB727D20E9100859668 /* TagListModel.swift in Sources */,
				FB34EFC327D20EBE00859668 /* Myprofile.swift in Sources */,
				FB34EFB927D20E9100859668 /* EventDemoData.swift in Sources */,
				FB34F03427D7363F00859668 /* EventPageContent.swift in Sources */,
				FB34EFB127D20E8600859668 /* TagData.swift in Sources */,
				FB34EFDF27D20F1E00859668 /* EventPageReportModal.swift in Sources */,
				FB34EFD527D20ECD00859668 /* MyprofileSetting.swift in Sources */,
				FB34EFC427D20EBE00859668 /* OtherUserProfile.swift in Sources */,
				FB34F00E27D20F6100859668 /* TagDelete.swift in Sources */,
				FB34EFC227D20EBE00859668 /* EditMyTag.swift in Sources */,
				FB34EFB827D20E9100859668 /* Geocode.swift in Sources */,
				FB34EFA727D20E7600859668 /* SizeReader.swift in Sources */,
				FB34EFBA27D20E9100859668 /* FlowLayoutModel.swift in Sources */,
			);
			runOnlyForDeploymentPostprocessing = 0;
		};
/* End PBXSourcesBuildPhase section */

/* Begin XCBuildConfiguration section */
		FB34EF8827D20D1700859668 /* Debug */ = {
			isa = XCBuildConfiguration;
			buildSettings = {
				ALWAYS_SEARCH_USER_PATHS = NO;
				CLANG_ANALYZER_NONNULL = YES;
				CLANG_ANALYZER_NUMBER_OBJECT_CONVERSION = YES_AGGRESSIVE;
				CLANG_CXX_LANGUAGE_STANDARD = "gnu++17";
				CLANG_CXX_LIBRARY = "libc++";
				CLANG_ENABLE_MODULES = YES;
				CLANG_ENABLE_OBJC_ARC = YES;
				CLANG_ENABLE_OBJC_WEAK = YES;
				CLANG_WARN_BLOCK_CAPTURE_AUTORELEASING = YES;
				CLANG_WARN_BOOL_CONVERSION = YES;
				CLANG_WARN_COMMA = YES;
				CLANG_WARN_CONSTANT_CONVERSION = YES;
				CLANG_WARN_DEPRECATED_OBJC_IMPLEMENTATIONS = YES;
				CLANG_WARN_DIRECT_OBJC_ISA_USAGE = YES_ERROR;
				CLANG_WARN_DOCUMENTATION_COMMENTS = YES;
				CLANG_WARN_EMPTY_BODY = YES;
				CLANG_WARN_ENUM_CONVERSION = YES;
				CLANG_WARN_INFINITE_RECURSION = YES;
				CLANG_WARN_INT_CONVERSION = YES;
				CLANG_WARN_NON_LITERAL_NULL_CONVERSION = YES;
				CLANG_WARN_OBJC_IMPLICIT_RETAIN_SELF = YES;
				CLANG_WARN_OBJC_LITERAL_CONVERSION = YES;
				CLANG_WARN_OBJC_ROOT_CLASS = YES_ERROR;
				CLANG_WARN_QUOTED_INCLUDE_IN_FRAMEWORK_HEADER = YES;
				CLANG_WARN_RANGE_LOOP_ANALYSIS = YES;
				CLANG_WARN_STRICT_PROTOTYPES = YES;
				CLANG_WARN_SUSPICIOUS_MOVE = YES;
				CLANG_WARN_UNGUARDED_AVAILABILITY = YES_AGGRESSIVE;
				CLANG_WARN_UNREACHABLE_CODE = YES;
				CLANG_WARN__DUPLICATE_METHOD_MATCH = YES;
				COPY_PHASE_STRIP = NO;
				DEBUG_INFORMATION_FORMAT = dwarf;
				ENABLE_STRICT_OBJC_MSGSEND = YES;
				ENABLE_TESTABILITY = YES;
				GCC_C_LANGUAGE_STANDARD = gnu11;
				GCC_DYNAMIC_NO_PIC = NO;
				GCC_NO_COMMON_BLOCKS = YES;
				GCC_OPTIMIZATION_LEVEL = 0;
				GCC_PREPROCESSOR_DEFINITIONS = (
					"DEBUG=1",
					"$(inherited)",
				);
				GCC_WARN_64_TO_32_BIT_CONVERSION = YES;
				GCC_WARN_ABOUT_RETURN_TYPE = YES_ERROR;
				GCC_WARN_UNDECLARED_SELECTOR = YES;
				GCC_WARN_UNINITIALIZED_AUTOS = YES_AGGRESSIVE;
				GCC_WARN_UNUSED_FUNCTION = YES;
				GCC_WARN_UNUSED_VARIABLE = YES;
				IPHONEOS_DEPLOYMENT_TARGET = 15.2;
				MTL_ENABLE_DEBUG_INFO = INCLUDE_SOURCE;
				MTL_FAST_MATH = YES;
				ONLY_ACTIVE_ARCH = YES;
				SDKROOT = iphoneos;
				SWIFT_ACTIVE_COMPILATION_CONDITIONS = DEBUG;
				SWIFT_OPTIMIZATION_LEVEL = "-Onone";
			};
			name = Debug;
		};
		FB34EF8927D20D1700859668 /* Release */ = {
			isa = XCBuildConfiguration;
			buildSettings = {
				ALWAYS_SEARCH_USER_PATHS = NO;
				CLANG_ANALYZER_NONNULL = YES;
				CLANG_ANALYZER_NUMBER_OBJECT_CONVERSION = YES_AGGRESSIVE;
				CLANG_CXX_LANGUAGE_STANDARD = "gnu++17";
				CLANG_CXX_LIBRARY = "libc++";
				CLANG_ENABLE_MODULES = YES;
				CLANG_ENABLE_OBJC_ARC = YES;
				CLANG_ENABLE_OBJC_WEAK = YES;
				CLANG_WARN_BLOCK_CAPTURE_AUTORELEASING = YES;
				CLANG_WARN_BOOL_CONVERSION = YES;
				CLANG_WARN_COMMA = YES;
				CLANG_WARN_CONSTANT_CONVERSION = YES;
				CLANG_WARN_DEPRECATED_OBJC_IMPLEMENTATIONS = YES;
				CLANG_WARN_DIRECT_OBJC_ISA_USAGE = YES_ERROR;
				CLANG_WARN_DOCUMENTATION_COMMENTS = YES;
				CLANG_WARN_EMPTY_BODY = YES;
				CLANG_WARN_ENUM_CONVERSION = YES;
				CLANG_WARN_INFINITE_RECURSION = YES;
				CLANG_WARN_INT_CONVERSION = YES;
				CLANG_WARN_NON_LITERAL_NULL_CONVERSION = YES;
				CLANG_WARN_OBJC_IMPLICIT_RETAIN_SELF = YES;
				CLANG_WARN_OBJC_LITERAL_CONVERSION = YES;
				CLANG_WARN_OBJC_ROOT_CLASS = YES_ERROR;
				CLANG_WARN_QUOTED_INCLUDE_IN_FRAMEWORK_HEADER = YES;
				CLANG_WARN_RANGE_LOOP_ANALYSIS = YES;
				CLANG_WARN_STRICT_PROTOTYPES = YES;
				CLANG_WARN_SUSPICIOUS_MOVE = YES;
				CLANG_WARN_UNGUARDED_AVAILABILITY = YES_AGGRESSIVE;
				CLANG_WARN_UNREACHABLE_CODE = YES;
				CLANG_WARN__DUPLICATE_METHOD_MATCH = YES;
				COPY_PHASE_STRIP = NO;
				DEBUG_INFORMATION_FORMAT = "dwarf-with-dsym";
				ENABLE_NS_ASSERTIONS = NO;
				ENABLE_STRICT_OBJC_MSGSEND = YES;
				GCC_C_LANGUAGE_STANDARD = gnu11;
				GCC_NO_COMMON_BLOCKS = YES;
				GCC_WARN_64_TO_32_BIT_CONVERSION = YES;
				GCC_WARN_ABOUT_RETURN_TYPE = YES_ERROR;
				GCC_WARN_UNDECLARED_SELECTOR = YES;
				GCC_WARN_UNINITIALIZED_AUTOS = YES_AGGRESSIVE;
				GCC_WARN_UNUSED_FUNCTION = YES;
				GCC_WARN_UNUSED_VARIABLE = YES;
				IPHONEOS_DEPLOYMENT_TARGET = 15.2;
				MTL_ENABLE_DEBUG_INFO = NO;
				MTL_FAST_MATH = YES;
				SDKROOT = iphoneos;
				SWIFT_COMPILATION_MODE = wholemodule;
				SWIFT_OPTIMIZATION_LEVEL = "-O";
				VALIDATE_PRODUCT = YES;
			};
			name = Release;
		};
		FB34EF8B27D20D1700859668 /* Debug */ = {
			isa = XCBuildConfiguration;
			buildSettings = {
				ASSETCATALOG_COMPILER_APPICON_NAME = AppIcon;
				ASSETCATALOG_COMPILER_GLOBAL_ACCENT_COLOR_NAME = AccentColor;
				CODE_SIGN_STYLE = Automatic;
				CURRENT_PROJECT_VERSION = 1;
				DEVELOPMENT_ASSET_PATHS = "\"AppBetayamori/Preview Content\"";
				DEVELOPMENT_TEAM = HT7B66AX48;
				ENABLE_PREVIEWS = YES;
				GENERATE_INFOPLIST_FILE = YES;
				INFOPLIST_KEY_UIApplicationSceneManifest_Generation = YES;
				INFOPLIST_KEY_UIApplicationSupportsIndirectInputEvents = YES;
				INFOPLIST_KEY_UILaunchScreen_Generation = YES;
				INFOPLIST_KEY_UISupportedInterfaceOrientations_iPad = "UIInterfaceOrientationPortrait UIInterfaceOrientationPortraitUpsideDown UIInterfaceOrientationLandscapeLeft UIInterfaceOrientationLandscapeRight";
				INFOPLIST_KEY_UISupportedInterfaceOrientations_iPhone = "UIInterfaceOrientationPortrait UIInterfaceOrientationLandscapeLeft UIInterfaceOrientationLandscapeRight";
				IPHONEOS_DEPLOYMENT_TARGET = 14.0;
				LD_RUNPATH_SEARCH_PATHS = (
					"$(inherited)",
					"@executable_path/Frameworks",
				);
				MARKETING_VERSION = 1.0;
				PRODUCT_BUNDLE_IDENTIFIER = "swift-practice.AppBetayamori";
				PRODUCT_NAME = "$(TARGET_NAME)";
				SWIFT_EMIT_LOC_STRINGS = YES;
				SWIFT_VERSION = 5.0;
				TARGETED_DEVICE_FAMILY = "1,2";
			};
			name = Debug;
		};
		FB34EF8C27D20D1700859668 /* Release */ = {
			isa = XCBuildConfiguration;
			buildSettings = {
				ASSETCATALOG_COMPILER_APPICON_NAME = AppIcon;
				ASSETCATALOG_COMPILER_GLOBAL_ACCENT_COLOR_NAME = AccentColor;
				CODE_SIGN_STYLE = Automatic;
				CURRENT_PROJECT_VERSION = 1;
				DEVELOPMENT_ASSET_PATHS = "\"AppBetayamori/Preview Content\"";
				DEVELOPMENT_TEAM = HT7B66AX48;
				ENABLE_PREVIEWS = YES;
				GENERATE_INFOPLIST_FILE = YES;
				INFOPLIST_KEY_UIApplicationSceneManifest_Generation = YES;
				INFOPLIST_KEY_UIApplicationSupportsIndirectInputEvents = YES;
				INFOPLIST_KEY_UILaunchScreen_Generation = YES;
				INFOPLIST_KEY_UISupportedInterfaceOrientations_iPad = "UIInterfaceOrientationPortrait UIInterfaceOrientationPortraitUpsideDown UIInterfaceOrientationLandscapeLeft UIInterfaceOrientationLandscapeRight";
				INFOPLIST_KEY_UISupportedInterfaceOrientations_iPhone = "UIInterfaceOrientationPortrait UIInterfaceOrientationLandscapeLeft UIInterfaceOrientationLandscapeRight";
				IPHONEOS_DEPLOYMENT_TARGET = 14.0;
				LD_RUNPATH_SEARCH_PATHS = (
					"$(inherited)",
					"@executable_path/Frameworks",
				);
				MARKETING_VERSION = 1.0;
				PRODUCT_BUNDLE_IDENTIFIER = "swift-practice.AppBetayamori";
				PRODUCT_NAME = "$(TARGET_NAME)";
				SWIFT_EMIT_LOC_STRINGS = YES;
				SWIFT_VERSION = 5.0;
				TARGETED_DEVICE_FAMILY = "1,2";
			};
			name = Release;
		};
/* End XCBuildConfiguration section */

/* Begin XCConfigurationList section */
		FB34EF7727D20D1600859668 /* Build configuration list for PBXProject "AppBetayamori" */ = {
			isa = XCConfigurationList;
			buildConfigurations = (
				FB34EF8827D20D1700859668 /* Debug */,
				FB34EF8927D20D1700859668 /* Release */,
			);
			defaultConfigurationIsVisible = 0;
			defaultConfigurationName = Release;
		};
		FB34EF8A27D20D1700859668 /* Build configuration list for PBXNativeTarget "AppBetayamori" */ = {
			isa = XCConfigurationList;
			buildConfigurations = (
				FB34EF8B27D20D1700859668 /* Debug */,
				FB34EF8C27D20D1700859668 /* Release */,
			);
			defaultConfigurationIsVisible = 0;
			defaultConfigurationName = Release;
		};
/* End XCConfigurationList section */

/* Begin XCRemoteSwiftPackageReference section */
		FB34F02A27D242EC00859668 /* XCRemoteSwiftPackageReference "PartialSheet" */ = {
			isa = XCRemoteSwiftPackageReference;
			repositoryURL = "https://github.com/AndreaMiotto/PartialSheet";
			requirement = {
				kind = exactVersion;
				version = 2.1.14;
			};
		};
		FB34F05B27DB38BA00859668 /* XCRemoteSwiftPackageReference "youtube-ios-player-helper" */ = {
			isa = XCRemoteSwiftPackageReference;
			repositoryURL = "https://github.com/youtube/youtube-ios-player-helper.git";
			requirement = {
				branch = master;
				kind = branch;
			};
		};
/* End XCRemoteSwiftPackageReference section */

/* Begin XCSwiftPackageProductDependency section */
		FB34F02B27D242EC00859668 /* PartialSheet */ = {
			isa = XCSwiftPackageProductDependency;
			package = FB34F02A27D242EC00859668 /* XCRemoteSwiftPackageReference "PartialSheet" */;
			productName = PartialSheet;
		};
		FB34F05C27DB38BA00859668 /* YouTubeiOSPlayerHelper */ = {
			isa = XCSwiftPackageProductDependency;
			package = FB34F05B27DB38BA00859668 /* XCRemoteSwiftPackageReference "youtube-ios-player-helper" */;
			productName = YouTubeiOSPlayerHelper;
		};
/* End XCSwiftPackageProductDependency section */
	};
	rootObject = FB34EF7427D20D1600859668 /* Project object */;
}
